
Microsoft Visual Studio Solution File, Format Version 12.00
# Visual Studio 15
VisualStudioVersion = 15.0.26730.16
MinimumVisualStudioVersion = 10.0.40219.1
Project("{FAE04EC0-301F-11D3-BF4B-00C04F79EFBC}") = "WindowsFormsApp4", "WindowsFormsApp4\WindowsFormsApp4.csproj", "{20856FC1-7BEC-4205-8FD0-C01675881815}"
EndProject
Global
	GlobalSection(SolutionConfigurationPlatforms) = preSolution
		Debug|Any CPU = Debug|Any CPU
		Release|Any CPU = Release|Any CPU
	EndGlobalSection
	GlobalSection(ProjectConfigurationPlatforms) = postSolution
		{20856FC1-7BEC-4205-8FD0-C01675881815}.Debug|Any CPU.ActiveCfg = Debug|Any CPU
		{20856FC1-7BEC-4205-8FD0-C01675881815}.Debug|Any CPU.Build.0 = Debug|Any CPU
		{20856FC1-7BEC-4205-8FD0-C01675881815}.Release|Any CPU.ActiveCfg = Release|Any CPU
		{20856FC1-7BEC-4205-8FD0-C01675881815}.Release|Any CPU.Build.0 = Release|Any CPU
	EndGlobalSection
	GlobalSection(SolutionProperties) = preSolution
		HideSolutionNode = FALSE
	EndGlobalSection
	GlobalSection(ExtensibilityGlobals) = postSolution
		SolutionGuid = {370F0FA8-E513-4775-ADF3-32C6399B2A68}
	EndGlobalSection
EndGlobal
